
Microsoft Visual Studio Solution File, Format Version 12.00
# Visual Studio 15
VisualStudioVersion = 15.0.28010.2050
MinimumVisualStudioVersion = 10.0.40219.1
Project("{FAE04EC0-301F-11D3-BF4B-00C04F79EFBC}") = "VideoEncoder", "VideoEncoder\VideoEncoder.csproj", "{458BC416-AF31-445D-AB11-78E76887AE9A}"
EndProject
Project("{FAE04EC0-301F-11D3-BF4B-00C04F79EFBC}") = "FFMpegWrapper", "FFMpegWrapper\FFMpegWrapper.csproj", "{B436C717-FAF0-466F-B4B6-2E10ECFC6A7D}"
EndProject
Global
	GlobalSection(SolutionConfigurationPlatforms) = preSolution
		Debug|Any CPU = Debug|Any CPU
		Release|Any CPU = Release|Any CPU
	EndGlobalSection
	GlobalSection(ProjectConfigurationPlatforms) = postSolution
		{458BC416-AF31-445D-AB11-78E76887AE9A}.Debug|Any CPU.ActiveCfg = Debug|Any CPU
		{458BC416-AF31-445D-AB11-78E76887AE9A}.Debug|Any CPU.Build.0 = Debug|Any CPU
		{458BC416-AF31-445D-AB11-78E76887AE9A}.Release|Any CPU.ActiveCfg = Release|Any CPU
		{458BC416-AF31-445D-AB11-78E76887AE9A}.Release|Any CPU.Build.0 = Release|Any CPU
		{B436C717-FAF0-466F-B4B6-2E10ECFC6A7D}.Debug|Any CPU.ActiveCfg = Debug|Any CPU
		{B436C717-FAF0-466F-B4B6-2E10ECFC6A7D}.Debug|Any CPU.Build.0 = Debug|Any CPU
		{B436C717-FAF0-466F-B4B6-2E10ECFC6A7D}.Release|Any CPU.ActiveCfg = Release|Any CPU
		{B436C717-FAF0-466F-B4B6-2E10ECFC6A7D}.Release|Any CPU.Build.0 = Release|Any CPU
	EndGlobalSection
	GlobalSection(SolutionProperties) = preSolution
		HideSolutionNode = FALSE
	EndGlobalSection
	GlobalSection(ExtensibilityGlobals) = postSolution
		SolutionGuid = {612410AC-CD18-4299-9ABC-64805A9EF90C}
	EndGlobalSection
EndGlobal
